github.com/bytemine/go-icinga2 v0.0.2 h1:CetjI0iqen/NboPCtnLCGEfcAWs7vY9pD+/ZZqi4wWU=
github.com/bytemine/go-icinga2 v0.0.2/go.mod h1:EcdGvd8AQNKmTsgE5oqmWk0COr6UU9CS4QQBb3HUqs8=
github.com/bytemine/go-icinga2 v0.0.3 h1:FycXcc5rqvJKMzNCzVFcBitykoNl1p65HKcR39PO958=
github.com/bytemine/go-icinga2 v0.0.3/go.mod h1:EcdGvd8AQNKmTsgE5oqmWk0COr6UU9CS4QQBb3HUqs8=
github.com/etcd-io/bbolt v1.3.0 h1:ec0U3x11Mk69A8YwQyZEhNaUqHkQSv2gDR3Bioz5DfU=
github.com/etcd-io/bbolt v1.3.0/go.mod h1:ZF2nL25h33cCyBtcyWeZ2/I3HQOfTP+0PIEvHjkjCrw=
