# This file is autogenerated, do not edit; changes may be undone by the next 'dep ensure'.


[[projects]]
  name = "github.com/boltdb/bolt"
  packages = ["."]
  revision = "2f1ce7a837dcb8da3ec595b1dac9d0632f0f99e8"
  version = "v1.3.1"

[[projects]]
  branch = "master"
  name = "github.com/bytemine/go-icinga2"
  packages = [".","event"]
  revision = "a1577059e44e88d7c728732a9d40edc85f1dbf49"

[[projects]]
  branch = "master"
  name = "golang.org/x/sys"
  packages = ["unix"]
  revision = "7ddbeae9ae08c6a06a59597f0c9edbc5ff2444ce"

[solve-meta]
  analyzer-name = "dep"
  analyzer-version = 1
  inputs-digest = "50b783d611dbfa1d5efb407b640a247bc7712763a9939df0df83ef571baaf907"
  solver-name = "gps-cdcl"
  solver-version = 1
